
Microsoft Visual Studio Solution File, Format Version 12.00
# Visual Studio 2012
Project("{8BC9CEB8-8B4A-11D0-8D11-00A0C91BC942}") = "Cyanide", "Cyanide\Cyanide.vcxproj", "{2467582C-D579-4365-810F-A46389510665}"
EndProject
Global
	GlobalSection(SolutionConfigurationPlatforms) = preSolution
		Debug|Win32 = Debug|Win32
		Release|Win32 = Release|Win32
	EndGlobalSection
	GlobalSection(ProjectConfigurationPlatforms) = postSolution
		{2467582C-D579-4365-810F-A46389510665}.Debug|Win32.ActiveCfg = Debug|Win32
		{2467582C-D579-4365-810F-A46389510665}.Debug|Win32.Build.0 = Debug|Win32
		{2467582C-D579-4365-810F-A46389510665}.Release|Win32.ActiveCfg = Release|Win32
		{2467582C-D579-4365-810F-A46389510665}.Release|Win32.Build.0 = Release|Win32
	EndGlobalSection
	GlobalSection(SolutionProperties) = preSolution
		HideSolutionNode = FALSE
	EndGlobalSection
EndGlobal
