<?xml version="1.0" encoding="utf-8"?>
<Project ToolsVersion="4.0" xmlns="http://schemas.microsoft.com/developer/msbuild/2003">
  <ItemGroup>
    <Filter Include="Source Files">
      <UniqueIdentifier>{4FC737F1-C7A5-4376-A066-2A32D752A2FF}</UniqueIdentifier>
      <Extensions>cpp;c;cc;cxx;def;odl;idl;hpj;bat;asm;asmx</Extensions>
    </Filter>
    <Filter Include="Source Files\Managers">
      <UniqueIdentifier>{4f6674c2-1514-4d4f-9bc5-393848bdba7b}</UniqueIdentifier>
    </Filter>
    <Filter Include="Source Files\Managers\ResourceManager">
      <UniqueIdentifier>{a57f6b52-eacf-4b4f-a8a2-7b7ae0ce1471}</UniqueIdentifier>
    </Filter>
    <Filter Include="Source Files\Managers\WorkerManager">
      <UniqueIdentifier>{2b6120dd-16c5-433e-9abe-dab9df65aab6}</UniqueIdentifier>
    </Filter>
  </ItemGroup>
  <ItemGroup>
    <ClCompile Include="Dll.cpp">
      <Filter>Source Files</Filter>
    </ClCompile>
    <ClCompile Include="Observable.cpp">
      <Filter>Source Files</Filter>
    </ClCompile>
    <ClCompile Include="Observer.cpp">
      <Filter>Source Files</Filter>
    </ClCompile>
    <ClCompile Include="MineralField.cpp">
      <Filter>Source Files\Managers\ResourceManager</Filter>
    </ClCompile>
    <ClCompile Include="ResourceManager.cpp">
      <Filter>Source Files\Managers\ResourceManager</Filter>
    </ClCompile>
    <ClCompile Include="WorkerManager.cpp">
      <Filter>Source Files\Managers\WorkerManager</Filter>
    </ClCompile>
    <ClCompile Include="UlyssesAIModule.cpp">
      <Filter>Source Files</Filter>
    </ClCompile>
  </ItemGroup>
  <ItemGroup>
    <ClInclude Include="Common.h">
      <Filter>Source Files</Filter>
    </ClInclude>
    <ClInclude Include="Observable.h">
      <Filter>Source Files</Filter>
    </ClInclude>
    <ClInclude Include="Observer.h">
      <Filter>Source Files</Filter>
    </ClInclude>
    <ClInclude Include="MineralField.h">
      <Filter>Source Files\Managers\ResourceManager</Filter>
    </ClInclude>
    <ClInclude Include="ResourceManager.h">
      <Filter>Source Files\Managers\ResourceManager</Filter>
    </ClInclude>
    <ClInclude Include="WorkerManager.h">
      <Filter>Source Files\Managers\WorkerManager</Filter>
    </ClInclude>
    <ClInclude Include="UlyssesAIModule.h">
      <Filter>Source Files</Filter>
    </ClInclude>
  </ItemGroup>
</Project>